
Microsoft Visual Studio Solution File, Format Version 12.00
# Visual Studio Version 17
VisualStudioVersion = 17.4.33205.214
MinimumVisualStudioVersion = 10.0.40219.1
Project("{9A19103F-16F7-4668-BE54-9A1E7A4F7556}") = "Me.EarzuChan.Ryo", "Me.EarzuChan.Ryo\Me.EarzuChan.Ryo.csproj", "{8866E2A7-7B49-4157-B5AF-8A3BE85E8560}"
EndProject
Project("{9A19103F-16F7-4668-BE54-9A1E7A4F7556}") = "Me.EarzuChan.MaterialForYou", "Me.EarzuChan.MaterialForYou\Me.EarzuChan.MaterialForYou.csproj", "{FE1EB993-E0A9-47F8-900F-DDDFD78E0906}"
EndProject
Project("{9A19103F-16F7-4668-BE54-9A1E7A4F7556}") = "Me.EarzuChan.Ryo.WPFFrontEnd", "Me.EarzuChan.Ryo.WPFFrontEnd\Me.EarzuChan.Ryo.WPFFrontEnd.csproj", "{0DD82FB1-3B0E-4319-911A-28CC9DB14373}"
EndProject
Project("{9A19103F-16F7-4668-BE54-9A1E7A4F7556}") = "Me.EarzuChan.Ryo.WPFImageConverter", "Me.EarzuChan.Ryo.WPFImageConverter\Me.EarzuChan.Ryo.WPFImageConverter.csproj", "{303592A5-C115-4146-9C00-C3D12C701104}"
EndProject
Project("{9A19103F-16F7-4668-BE54-9A1E7A4F7556}") = "Me.EarzuChan.Ryo.RyoChatter", "Me.EarzuChan.Ryo.RyoChatter\Me.EarzuChan.Ryo.RyoChatter.csproj", "{E5E1AA18-A1A3-4165-BD0A-5DBB199BE41F}"
EndProject
Global
	GlobalSection(SolutionConfigurationPlatforms) = preSolution
		Debug|Any CPU = Debug|Any CPU
		Debug|ARM64 = Debug|ARM64
		Debug|x64 = Debug|x64
		Debug|x86 = Debug|x86
		Release|Any CPU = Release|Any CPU
		Release|ARM64 = Release|ARM64
		Release|x64 = Release|x64
		Release|x86 = Release|x86
	EndGlobalSection
	GlobalSection(ProjectConfigurationPlatforms) = postSolution
		{8866E2A7-7B49-4157-B5AF-8A3BE85E8560}.Debug|Any CPU.ActiveCfg = Debug|Any CPU
		{8866E2A7-7B49-4157-B5AF-8A3BE85E8560}.Debug|Any CPU.Build.0 = Debug|Any CPU
		{8866E2A7-7B49-4157-B5AF-8A3BE85E8560}.Debug|ARM64.ActiveCfg = Debug|Any CPU
		{8866E2A7-7B49-4157-B5AF-8A3BE85E8560}.Debug|ARM64.Build.0 = Debug|Any CPU
		{8866E2A7-7B49-4157-B5AF-8A3BE85E8560}.Debug|x64.ActiveCfg = Debug|Any CPU
		{8866E2A7-7B49-4157-B5AF-8A3BE85E8560}.Debug|x64.Build.0 = Debug|Any CPU
		{8866E2A7-7B49-4157-B5AF-8A3BE85E8560}.Debug|x86.ActiveCfg = Debug|Any CPU
		{8866E2A7-7B49-4157-B5AF-8A3BE85E8560}.Debug|x86.Build.0 = Debug|Any CPU
		{8866E2A7-7B49-4157-B5AF-8A3BE85E8560}.Release|Any CPU.ActiveCfg = Release|Any CPU
		{8866E2A7-7B49-4157-B5AF-8A3BE85E8560}.Release|Any CPU.Build.0 = Release|Any CPU
		{8866E2A7-7B49-4157-B5AF-8A3BE85E8560}.Release|ARM64.ActiveCfg = Release|Any CPU
		{8866E2A7-7B49-4157-B5AF-8A3BE85E8560}.Release|ARM64.Build.0 = Release|Any CPU
		{8866E2A7-7B49-4157-B5AF-8A3BE85E8560}.Release|x64.ActiveCfg = Release|Any CPU
		{8866E2A7-7B49-4157-B5AF-8A3BE85E8560}.Release|x64.Build.0 = Release|Any CPU
		{8866E2A7-7B49-4157-B5AF-8A3BE85E8560}.Release|x86.ActiveCfg = Release|Any CPU
		{8866E2A7-7B49-4157-B5AF-8A3BE85E8560}.Release|x86.Build.0 = Release|Any CPU
		{FE1EB993-E0A9-47F8-900F-DDDFD78E0906}.Debug|Any CPU.ActiveCfg = Debug|Any CPU
		{FE1EB993-E0A9-47F8-900F-DDDFD78E0906}.Debug|Any CPU.Build.0 = Debug|Any CPU
		{FE1EB993-E0A9-47F8-900F-DDDFD78E0906}.Debug|ARM64.ActiveCfg = Debug|Any CPU
		{FE1EB993-E0A9-47F8-900F-DDDFD78E0906}.Debug|ARM64.Build.0 = Debug|Any CPU
		{FE1EB993-E0A9-47F8-900F-DDDFD78E0906}.Debug|x64.ActiveCfg = Debug|Any CPU
		{FE1EB993-E0A9-47F8-900F-DDDFD78E0906}.Debug|x64.Build.0 = Debug|Any CPU
		{FE1EB993-E0A9-47F8-900F-DDDFD78E0906}.Debug|x86.ActiveCfg = Debug|Any CPU
		{FE1EB993-E0A9-47F8-900F-DDDFD78E0906}.Debug|x86.Build.0 = Debug|Any CPU
		{FE1EB993-E0A9-47F8-900F-DDDFD78E0906}.Release|Any CPU.ActiveCfg = Release|Any CPU
		{FE1EB993-E0A9-47F8-900F-DDDFD78E0906}.Release|Any CPU.Build.0 = Release|Any CPU
		{FE1EB993-E0A9-47F8-900F-DDDFD78E0906}.Release|ARM64.ActiveCfg = Release|Any CPU
		{FE1EB993-E0A9-47F8-900F-DDDFD78E0906}.Release|ARM64.Build.0 = Release|Any CPU
		{FE1EB993-E0A9-47F8-900F-DDDFD78E0906}.Release|x64.ActiveCfg = Release|Any CPU
		{FE1EB993-E0A9-47F8-900F-DDDFD78E0906}.Release|x64.Build.0 = Release|Any CPU
		{FE1EB993-E0A9-47F8-900F-DDDFD78E0906}.Release|x86.ActiveCfg = Release|Any CPU
		{FE1EB993-E0A9-47F8-900F-DDDFD78E0906}.Release|x86.Build.0 = Release|Any CPU
		{0DD82FB1-3B0E-4319-911A-28CC9DB14373}.Debug|Any CPU.ActiveCfg = Debug|Any CPU
		{0DD82FB1-3B0E-4319-911A-28CC9DB14373}.Debug|Any CPU.Build.0 = Debug|Any CPU
		{0DD82FB1-3B0E-4319-911A-28CC9DB14373}.Debug|ARM64.ActiveCfg = Debug|Any CPU
		{0DD82FB1-3B0E-4319-911A-28CC9DB14373}.Debug|ARM64.Build.0 = Debug|Any CPU
		{0DD82FB1-3B0E-4319-911A-28CC9DB14373}.Debug|x64.ActiveCfg = Debug|Any CPU
		{0DD82FB1-3B0E-4319-911A-28CC9DB14373}.Debug|x64.Build.0 = Debug|Any CPU
		{0DD82FB1-3B0E-4319-911A-28CC9DB14373}.Debug|x86.ActiveCfg = Debug|Any CPU
		{0DD82FB1-3B0E-4319-911A-28CC9DB14373}.Debug|x86.Build.0 = Debug|Any CPU
		{0DD82FB1-3B0E-4319-911A-28CC9DB14373}.Release|Any CPU.ActiveCfg = Release|Any CPU
		{0DD82FB1-3B0E-4319-911A-28CC9DB14373}.Release|Any CPU.Build.0 = Release|Any CPU
		{0DD82FB1-3B0E-4319-911A-28CC9DB14373}.Release|ARM64.ActiveCfg = Release|Any CPU
		{0DD82FB1-3B0E-4319-911A-28CC9DB14373}.Release|ARM64.Build.0 = Release|Any CPU
		{0DD82FB1-3B0E-4319-911A-28CC9DB14373}.Release|x64.ActiveCfg = Release|Any CPU
		{0DD82FB1-3B0E-4319-911A-28CC9DB14373}.Release|x64.Build.0 = Release|Any CPU
		{0DD82FB1-3B0E-4319-911A-28CC9DB14373}.Release|x86.ActiveCfg = Release|Any CPU
		{0DD82FB1-3B0E-4319-911A-28CC9DB14373}.Release|x86.Build.0 = Release|Any CPU
		{303592A5-C115-4146-9C00-C3D12C701104}.Debug|Any CPU.ActiveCfg = Debug|Any CPU
		{303592A5-C115-4146-9C00-C3D12C701104}.Debug|Any CPU.Build.0 = Debug|Any CPU
		{303592A5-C115-4146-9C00-C3D12C701104}.Debug|ARM64.ActiveCfg = Debug|Any CPU
		{303592A5-C115-4146-9C00-C3D12C701104}.Debug|ARM64.Build.0 = Debug|Any CPU
		{303592A5-C115-4146-9C00-C3D12C701104}.Debug|x64.ActiveCfg = Debug|Any CPU
		{303592A5-C115-4146-9C00-C3D12C701104}.Debug|x64.Build.0 = Debug|Any CPU
		{303592A5-C115-4146-9C00-C3D12C701104}.Debug|x86.ActiveCfg = Debug|Any CPU
		{303592A5-C115-4146-9C00-C3D12C701104}.Debug|x86.Build.0 = Debug|Any CPU
		{303592A5-C115-4146-9C00-C3D12C701104}.Release|Any CPU.ActiveCfg = Release|Any CPU
		{303592A5-C115-4146-9C00-C3D12C701104}.Release|Any CPU.Build.0 = Release|Any CPU
		{303592A5-C115-4146-9C00-C3D12C701104}.Release|ARM64.ActiveCfg = Release|Any CPU
		{303592A5-C115-4146-9C00-C3D12C701104}.Release|ARM64.Build.0 = Release|Any CPU
		{303592A5-C115-4146-9C00-C3D12C701104}.Release|x64.ActiveCfg = Release|Any CPU
		{303592A5-C115-4146-9C00-C3D12C701104}.Release|x64.Build.0 = Release|Any CPU
		{303592A5-C115-4146-9C00-C3D12C701104}.Release|x86.ActiveCfg = Release|Any CPU
		{303592A5-C115-4146-9C00-C3D12C701104}.Release|x86.Build.0 = Release|Any CPU
		{E5E1AA18-A1A3-4165-BD0A-5DBB199BE41F}.Debug|Any CPU.ActiveCfg = Debug|x64
		{E5E1AA18-A1A3-4165-BD0A-5DBB199BE41F}.Debug|Any CPU.Build.0 = Debug|x64
		{E5E1AA18-A1A3-4165-BD0A-5DBB199BE41F}.Debug|Any CPU.Deploy.0 = Debug|x64
		{E5E1AA18-A1A3-4165-BD0A-5DBB199BE41F}.Debug|ARM64.ActiveCfg = Debug|ARM64
		{E5E1AA18-A1A3-4165-BD0A-5DBB199BE41F}.Debug|ARM64.Build.0 = Debug|ARM64
		{E5E1AA18-A1A3-4165-BD0A-5DBB199BE41F}.Debug|ARM64.Deploy.0 = Debug|ARM64
		{E5E1AA18-A1A3-4165-BD0A-5DBB199BE41F}.Debug|x64.ActiveCfg = Debug|x64
		{E5E1AA18-A1A3-4165-BD0A-5DBB199BE41F}.Debug|x64.Build.0 = Debug|x64
		{E5E1AA18-A1A3-4165-BD0A-5DBB199BE41F}.Debug|x64.Deploy.0 = Debug|x64
		{E5E1AA18-A1A3-4165-BD0A-5DBB199BE41F}.Debug|x86.ActiveCfg = Debug|x86
		{E5E1AA18-A1A3-4165-BD0A-5DBB199BE41F}.Debug|x86.Build.0 = Debug|x86
		{E5E1AA18-A1A3-4165-BD0A-5DBB199BE41F}.Debug|x86.Deploy.0 = Debug|x86
		{E5E1AA18-A1A3-4165-BD0A-5DBB199BE41F}.Release|Any CPU.ActiveCfg = Release|x64
		{E5E1AA18-A1A3-4165-BD0A-5DBB199BE41F}.Release|Any CPU.Build.0 = Release|x64
		{E5E1AA18-A1A3-4165-BD0A-5DBB199BE41F}.Release|Any CPU.Deploy.0 = Release|x64
		{E5E1AA18-A1A3-4165-BD0A-5DBB199BE41F}.Release|ARM64.ActiveCfg = Release|ARM64
		{E5E1AA18-A1A3-4165-BD0A-5DBB199BE41F}.Release|ARM64.Build.0 = Release|ARM64
		{E5E1AA18-A1A3-4165-BD0A-5DBB199BE41F}.Release|ARM64.Deploy.0 = Release|ARM64
		{E5E1AA18-A1A3-4165-BD0A-5DBB199BE41F}.Release|x64.ActiveCfg = Release|x64
		{E5E1AA18-A1A3-4165-BD0A-5DBB199BE41F}.Release|x64.Build.0 = Release|x64
		{E5E1AA18-A1A3-4165-BD0A-5DBB199BE41F}.Release|x64.Deploy.0 = Release|x64
		{E5E1AA18-A1A3-4165-BD0A-5DBB199BE41F}.Release|x86.ActiveCfg = Release|x86
		{E5E1AA18-A1A3-4165-BD0A-5DBB199BE41F}.Release|x86.Build.0 = Release|x86
		{E5E1AA18-A1A3-4165-BD0A-5DBB199BE41F}.Release|x86.Deploy.0 = Release|x86
	EndGlobalSection
	GlobalSection(SolutionProperties) = preSolution
		HideSolutionNode = FALSE
	EndGlobalSection
	GlobalSection(ExtensibilityGlobals) = postSolution
		SolutionGuid = {C48F676B-C189-442A-9CB5-DAC55759DA35}
	EndGlobalSection
EndGlobal
