Microsoft Visual Studio Solution File, Format Version 12.00
# Visual Studio Version 17
VisualStudioVersion = 17.4.33205.214
MinimumVisualStudioVersion = 10.0.40219.1
Project("{9A19103F-16F7-4668-BE54-9A1E7A4F7556}") = "Me.EarzuChan.Ryo.WPFImageConverter", "Me.EarzuChan.Ryo.WPFImageConverter\Me.EarzuChan.Ryo.WPFImageConverter.csproj", "{303592A5-C115-4146-9C00-C3D12C701104}"
	ProjectSection(ProjectDependencies) = postProject
		{C8509C38-12F0-4EBD-9116-762B5D6A94C7} = {C8509C38-12F0-4EBD-9116-762B5D6A94C7}
	EndProjectSection
EndProject
Project("{9A19103F-16F7-4668-BE54-9A1E7A4F7556}") = "Me.EarzuChan.Ryo.ConsoleFrontEnd", "Me.EarzuChan.Ryo.ConsoleFrontEnd\Me.EarzuChan.Ryo.ConsoleFrontEnd.csproj", "{80A96100-E16D-48CD-B0CC-17E2C8F571FE}"
EndProject
Project("{9A19103F-16F7-4668-BE54-9A1E7A4F7556}") = "Me.EarzuChan.Ryo.Core", "Me.EarzuChan.Ryo.Core\Me.EarzuChan.Ryo.Core.csproj", "{9C74C3E4-56BB-4EDE-BD59-0A000C9DFBA6}"
EndProject
Project("{9A19103F-16F7-4668-BE54-9A1E7A4F7556}") = "Me.EarzuChan.Ryo.ConsoleSystem", "Me.EarzuChan.Ryo.ConsoleSystem\Me.EarzuChan.Ryo.ConsoleSystem.csproj", "{902708AB-FD40-4118-A167-E62A6CCA66AC}"
EndProject
Project("{9A19103F-16F7-4668-BE54-9A1E7A4F7556}") = "Me.EarzuChan.Ryo", "Me.EarzuChan.Ryo\Me.EarzuChan.Ryo.csproj", "{C8509C38-12F0-4EBD-9116-762B5D6A94C7}"
EndProject
Project("{9A19103F-16F7-4668-BE54-9A1E7A4F7556}") = "Me.EarzuChan.Ryo.ConsoleTest", "Me.EarzuChan.Ryo.ConsoleTest\Me.EarzuChan.Ryo.ConsoleTest.csproj", "{1B09327D-D220-4FF5-A8EE-C8D3091E624E}"
EndProject
Project("{9A19103F-16F7-4668-BE54-9A1E7A4F7556}") = "Me.EarzuChan.Ryo.Extensions", "Me.EarzuChan.Ryo.Extensions\Me.EarzuChan.Ryo.Extensions.csproj", "{9570D98F-F51A-48E4-BA1F-3C29097763E8}"
EndProject
Project("{FAE04EC0-301F-11D3-BF4B-00C04F79EFBC}") = "Me.EarzuChan.Ryo.WinWebAppSystem", "Me.EarzuChan.Ryo.WinWebAppSystem\Me.EarzuChan.Ryo.WinWebAppSystem.csproj", "{3D634C47-5743-4A66-89A2-3F0154B98992}"
EndProject
Project("{FAE04EC0-301F-11D3-BF4B-00C04F79EFBC}") = "Me.EarzuChan.Ryo.WinWebAppTest", "Me.EarzuChan.Ryo.WinWebAppTest\Me.EarzuChan.Ryo.WinWebAppTest.csproj", "{EED76752-BE8F-4835-8FE6-890CA66C367B}"
	ProjectSection(ProjectDependencies) = postProject
		{9C74C3E4-56BB-4EDE-BD59-0A000C9DFBA6} = {9C74C3E4-56BB-4EDE-BD59-0A000C9DFBA6}
		{C8509C38-12F0-4EBD-9116-762B5D6A94C7} = {C8509C38-12F0-4EBD-9116-762B5D6A94C7}
	EndProjectSection
EndProject
Global
	GlobalSection(SolutionConfigurationPlatforms) = preSolution
		Debug|Any CPU = Debug|Any CPU
		Debug|ARM64 = Debug|ARM64
		Debug|x64 = Debug|x64
		Debug|x86 = Debug|x86
		Release|Any CPU = Release|Any CPU
		Release|ARM64 = Release|ARM64
		Release|x64 = Release|x64
		Release|x86 = Release|x86
	EndGlobalSection
	GlobalSection(ProjectConfigurationPlatforms) = postSolution
		{303592A5-C115-4146-9C00-C3D12C701104}.Debug|Any CPU.ActiveCfg = Debug|Any CPU
		{303592A5-C115-4146-9C00-C3D12C701104}.Debug|ARM64.ActiveCfg = Debug|Any CPU
		{303592A5-C115-4146-9C00-C3D12C701104}.Debug|x64.ActiveCfg = Debug|Any CPU
		{303592A5-C115-4146-9C00-C3D12C701104}.Debug|x86.ActiveCfg = Debug|Any CPU
		{303592A5-C115-4146-9C00-C3D12C701104}.Release|Any CPU.ActiveCfg = Release|Any CPU
		{303592A5-C115-4146-9C00-C3D12C701104}.Release|ARM64.ActiveCfg = Release|Any CPU
		{303592A5-C115-4146-9C00-C3D12C701104}.Release|x64.ActiveCfg = Release|Any CPU
		{303592A5-C115-4146-9C00-C3D12C701104}.Release|x86.ActiveCfg = Release|Any CPU
		{303592A5-C115-4146-9C00-C3D12C701104}.Debug|Any CPU.Build.0 = Debug|Any CPU
		{80A96100-E16D-48CD-B0CC-17E2C8F571FE}.Debug|Any CPU.ActiveCfg = Debug|Any CPU
		{80A96100-E16D-48CD-B0CC-17E2C8F571FE}.Debug|Any CPU.Build.0 = Debug|Any CPU
		{80A96100-E16D-48CD-B0CC-17E2C8F571FE}.Debug|ARM64.ActiveCfg = Debug|Any CPU
		{80A96100-E16D-48CD-B0CC-17E2C8F571FE}.Debug|ARM64.Build.0 = Debug|Any CPU
		{80A96100-E16D-48CD-B0CC-17E2C8F571FE}.Debug|x64.ActiveCfg = Debug|Any CPU
		{80A96100-E16D-48CD-B0CC-17E2C8F571FE}.Debug|x64.Build.0 = Debug|Any CPU
		{80A96100-E16D-48CD-B0CC-17E2C8F571FE}.Debug|x86.ActiveCfg = Debug|Any CPU
		{80A96100-E16D-48CD-B0CC-17E2C8F571FE}.Debug|x86.Build.0 = Debug|Any CPU
		{80A96100-E16D-48CD-B0CC-17E2C8F571FE}.Release|Any CPU.ActiveCfg = Release|Any CPU
		{80A96100-E16D-48CD-B0CC-17E2C8F571FE}.Release|Any CPU.Build.0 = Release|Any CPU
		{80A96100-E16D-48CD-B0CC-17E2C8F571FE}.Release|ARM64.ActiveCfg = Release|Any CPU
		{80A96100-E16D-48CD-B0CC-17E2C8F571FE}.Release|ARM64.Build.0 = Release|Any CPU
		{80A96100-E16D-48CD-B0CC-17E2C8F571FE}.Release|x64.ActiveCfg = Release|Any CPU
		{80A96100-E16D-48CD-B0CC-17E2C8F571FE}.Release|x64.Build.0 = Release|Any CPU
		{80A96100-E16D-48CD-B0CC-17E2C8F571FE}.Release|x86.ActiveCfg = Release|Any CPU
		{80A96100-E16D-48CD-B0CC-17E2C8F571FE}.Release|x86.Build.0 = Release|Any CPU
		{9C74C3E4-56BB-4EDE-BD59-0A000C9DFBA6}.Debug|Any CPU.ActiveCfg = Debug|Any CPU
		{9C74C3E4-56BB-4EDE-BD59-0A000C9DFBA6}.Debug|Any CPU.Build.0 = Debug|Any CPU
		{9C74C3E4-56BB-4EDE-BD59-0A000C9DFBA6}.Debug|ARM64.ActiveCfg = Debug|Any CPU
		{9C74C3E4-56BB-4EDE-BD59-0A000C9DFBA6}.Debug|ARM64.Build.0 = Debug|Any CPU
		{9C74C3E4-56BB-4EDE-BD59-0A000C9DFBA6}.Debug|x64.ActiveCfg = Debug|Any CPU
		{9C74C3E4-56BB-4EDE-BD59-0A000C9DFBA6}.Debug|x64.Build.0 = Debug|Any CPU
		{9C74C3E4-56BB-4EDE-BD59-0A000C9DFBA6}.Debug|x86.ActiveCfg = Debug|Any CPU
		{9C74C3E4-56BB-4EDE-BD59-0A000C9DFBA6}.Debug|x86.Build.0 = Debug|Any CPU
		{9C74C3E4-56BB-4EDE-BD59-0A000C9DFBA6}.Release|Any CPU.ActiveCfg = Release|Any CPU
		{9C74C3E4-56BB-4EDE-BD59-0A000C9DFBA6}.Release|Any CPU.Build.0 = Release|Any CPU
		{9C74C3E4-56BB-4EDE-BD59-0A000C9DFBA6}.Release|ARM64.ActiveCfg = Release|Any CPU
		{9C74C3E4-56BB-4EDE-BD59-0A000C9DFBA6}.Release|ARM64.Build.0 = Release|Any CPU
		{9C74C3E4-56BB-4EDE-BD59-0A000C9DFBA6}.Release|x64.ActiveCfg = Release|Any CPU
		{9C74C3E4-56BB-4EDE-BD59-0A000C9DFBA6}.Release|x64.Build.0 = Release|Any CPU
		{9C74C3E4-56BB-4EDE-BD59-0A000C9DFBA6}.Release|x86.ActiveCfg = Release|Any CPU
		{9C74C3E4-56BB-4EDE-BD59-0A000C9DFBA6}.Release|x86.Build.0 = Release|Any CPU
		{902708AB-FD40-4118-A167-E62A6CCA66AC}.Debug|Any CPU.ActiveCfg = Debug|Any CPU
		{902708AB-FD40-4118-A167-E62A6CCA66AC}.Debug|Any CPU.Build.0 = Debug|Any CPU
		{902708AB-FD40-4118-A167-E62A6CCA66AC}.Debug|ARM64.ActiveCfg = Debug|Any CPU
		{902708AB-FD40-4118-A167-E62A6CCA66AC}.Debug|ARM64.Build.0 = Debug|Any CPU
		{902708AB-FD40-4118-A167-E62A6CCA66AC}.Debug|x64.ActiveCfg = Debug|Any CPU
		{902708AB-FD40-4118-A167-E62A6CCA66AC}.Debug|x64.Build.0 = Debug|Any CPU
		{902708AB-FD40-4118-A167-E62A6CCA66AC}.Debug|x86.ActiveCfg = Debug|Any CPU
		{902708AB-FD40-4118-A167-E62A6CCA66AC}.Debug|x86.Build.0 = Debug|Any CPU
		{902708AB-FD40-4118-A167-E62A6CCA66AC}.Release|Any CPU.ActiveCfg = Release|Any CPU
		{902708AB-FD40-4118-A167-E62A6CCA66AC}.Release|Any CPU.Build.0 = Release|Any CPU
		{902708AB-FD40-4118-A167-E62A6CCA66AC}.Release|ARM64.ActiveCfg = Release|Any CPU
		{902708AB-FD40-4118-A167-E62A6CCA66AC}.Release|ARM64.Build.0 = Release|Any CPU
		{902708AB-FD40-4118-A167-E62A6CCA66AC}.Release|x64.ActiveCfg = Release|Any CPU
		{902708AB-FD40-4118-A167-E62A6CCA66AC}.Release|x64.Build.0 = Release|Any CPU
		{902708AB-FD40-4118-A167-E62A6CCA66AC}.Release|x86.ActiveCfg = Release|Any CPU
		{902708AB-FD40-4118-A167-E62A6CCA66AC}.Release|x86.Build.0 = Release|Any CPU
		{C8509C38-12F0-4EBD-9116-762B5D6A94C7}.Debug|Any CPU.ActiveCfg = Debug|Any CPU
		{C8509C38-12F0-4EBD-9116-762B5D6A94C7}.Debug|Any CPU.Build.0 = Debug|Any CPU
		{C8509C38-12F0-4EBD-9116-762B5D6A94C7}.Debug|ARM64.ActiveCfg = Debug|Any CPU
		{C8509C38-12F0-4EBD-9116-762B5D6A94C7}.Debug|ARM64.Build.0 = Debug|Any CPU
		{C8509C38-12F0-4EBD-9116-762B5D6A94C7}.Debug|x64.ActiveCfg = Debug|Any CPU
		{C8509C38-12F0-4EBD-9116-762B5D6A94C7}.Debug|x64.Build.0 = Debug|Any CPU
		{C8509C38-12F0-4EBD-9116-762B5D6A94C7}.Debug|x86.ActiveCfg = Debug|Any CPU
		{C8509C38-12F0-4EBD-9116-762B5D6A94C7}.Debug|x86.Build.0 = Debug|Any CPU
		{C8509C38-12F0-4EBD-9116-762B5D6A94C7}.Release|Any CPU.ActiveCfg = Release|Any CPU
		{C8509C38-12F0-4EBD-9116-762B5D6A94C7}.Release|Any CPU.Build.0 = Release|Any CPU
		{C8509C38-12F0-4EBD-9116-762B5D6A94C7}.Release|ARM64.ActiveCfg = Release|Any CPU
		{C8509C38-12F0-4EBD-9116-762B5D6A94C7}.Release|ARM64.Build.0 = Release|Any CPU
		{C8509C38-12F0-4EBD-9116-762B5D6A94C7}.Release|x64.ActiveCfg = Release|Any CPU
		{C8509C38-12F0-4EBD-9116-762B5D6A94C7}.Release|x64.Build.0 = Release|Any CPU
		{C8509C38-12F0-4EBD-9116-762B5D6A94C7}.Release|x86.ActiveCfg = Release|Any CPU
		{C8509C38-12F0-4EBD-9116-762B5D6A94C7}.Release|x86.Build.0 = Release|Any CPU
		{1B09327D-D220-4FF5-A8EE-C8D3091E624E}.Debug|Any CPU.ActiveCfg = Debug|Any CPU
		{1B09327D-D220-4FF5-A8EE-C8D3091E624E}.Debug|Any CPU.Build.0 = Debug|Any CPU
		{1B09327D-D220-4FF5-A8EE-C8D3091E624E}.Debug|ARM64.ActiveCfg = Debug|Any CPU
		{1B09327D-D220-4FF5-A8EE-C8D3091E624E}.Debug|ARM64.Build.0 = Debug|Any CPU
		{1B09327D-D220-4FF5-A8EE-C8D3091E624E}.Debug|x64.ActiveCfg = Debug|Any CPU
		{1B09327D-D220-4FF5-A8EE-C8D3091E624E}.Debug|x64.Build.0 = Debug|Any CPU
		{1B09327D-D220-4FF5-A8EE-C8D3091E624E}.Debug|x86.ActiveCfg = Debug|Any CPU
		{1B09327D-D220-4FF5-A8EE-C8D3091E624E}.Debug|x86.Build.0 = Debug|Any CPU
		{1B09327D-D220-4FF5-A8EE-C8D3091E624E}.Release|Any CPU.ActiveCfg = Release|Any CPU
		{1B09327D-D220-4FF5-A8EE-C8D3091E624E}.Release|Any CPU.Build.0 = Release|Any CPU
		{1B09327D-D220-4FF5-A8EE-C8D3091E624E}.Release|ARM64.ActiveCfg = Release|Any CPU
		{1B09327D-D220-4FF5-A8EE-C8D3091E624E}.Release|ARM64.Build.0 = Release|Any CPU
		{1B09327D-D220-4FF5-A8EE-C8D3091E624E}.Release|x64.ActiveCfg = Release|Any CPU
		{1B09327D-D220-4FF5-A8EE-C8D3091E624E}.Release|x64.Build.0 = Release|Any CPU
		{1B09327D-D220-4FF5-A8EE-C8D3091E624E}.Release|x86.ActiveCfg = Release|Any CPU
		{1B09327D-D220-4FF5-A8EE-C8D3091E624E}.Release|x86.Build.0 = Release|Any CPU
		{9570D98F-F51A-48E4-BA1F-3C29097763E8}.Debug|Any CPU.ActiveCfg = Debug|Any CPU
		{9570D98F-F51A-48E4-BA1F-3C29097763E8}.Debug|Any CPU.Build.0 = Debug|Any CPU
		{9570D98F-F51A-48E4-BA1F-3C29097763E8}.Debug|ARM64.ActiveCfg = Debug|Any CPU
		{9570D98F-F51A-48E4-BA1F-3C29097763E8}.Debug|ARM64.Build.0 = Debug|Any CPU
		{9570D98F-F51A-48E4-BA1F-3C29097763E8}.Debug|x64.ActiveCfg = Debug|Any CPU
		{9570D98F-F51A-48E4-BA1F-3C29097763E8}.Debug|x64.Build.0 = Debug|Any CPU
		{9570D98F-F51A-48E4-BA1F-3C29097763E8}.Debug|x86.ActiveCfg = Debug|Any CPU
		{9570D98F-F51A-48E4-BA1F-3C29097763E8}.Debug|x86.Build.0 = Debug|Any CPU
		{9570D98F-F51A-48E4-BA1F-3C29097763E8}.Release|Any CPU.ActiveCfg = Release|Any CPU
		{9570D98F-F51A-48E4-BA1F-3C29097763E8}.Release|Any CPU.Build.0 = Release|Any CPU
		{9570D98F-F51A-48E4-BA1F-3C29097763E8}.Release|ARM64.ActiveCfg = Release|Any CPU
		{9570D98F-F51A-48E4-BA1F-3C29097763E8}.Release|ARM64.Build.0 = Release|Any CPU
		{9570D98F-F51A-48E4-BA1F-3C29097763E8}.Release|x64.ActiveCfg = Release|Any CPU
		{9570D98F-F51A-48E4-BA1F-3C29097763E8}.Release|x64.Build.0 = Release|Any CPU
		{9570D98F-F51A-48E4-BA1F-3C29097763E8}.Release|x86.ActiveCfg = Release|Any CPU
		{9570D98F-F51A-48E4-BA1F-3C29097763E8}.Release|x86.Build.0 = Release|Any CPU
		{3D634C47-5743-4A66-89A2-3F0154B98992}.Debug|Any CPU.ActiveCfg = Debug|Any CPU
		{3D634C47-5743-4A66-89A2-3F0154B98992}.Debug|Any CPU.Build.0 = Debug|Any CPU
		{3D634C47-5743-4A66-89A2-3F0154B98992}.Debug|ARM64.ActiveCfg = Debug|Any CPU
		{3D634C47-5743-4A66-89A2-3F0154B98992}.Debug|ARM64.Build.0 = Debug|Any CPU
		{3D634C47-5743-4A66-89A2-3F0154B98992}.Debug|x64.ActiveCfg = Debug|Any CPU
		{3D634C47-5743-4A66-89A2-3F0154B98992}.Debug|x64.Build.0 = Debug|Any CPU
		{3D634C47-5743-4A66-89A2-3F0154B98992}.Debug|x86.ActiveCfg = Debug|Any CPU
		{3D634C47-5743-4A66-89A2-3F0154B98992}.Debug|x86.Build.0 = Debug|Any CPU
		{3D634C47-5743-4A66-89A2-3F0154B98992}.Release|Any CPU.ActiveCfg = Release|Any CPU
		{3D634C47-5743-4A66-89A2-3F0154B98992}.Release|Any CPU.Build.0 = Release|Any CPU
		{3D634C47-5743-4A66-89A2-3F0154B98992}.Release|ARM64.ActiveCfg = Release|Any CPU
		{3D634C47-5743-4A66-89A2-3F0154B98992}.Release|ARM64.Build.0 = Release|Any CPU
		{3D634C47-5743-4A66-89A2-3F0154B98992}.Release|x64.ActiveCfg = Release|Any CPU
		{3D634C47-5743-4A66-89A2-3F0154B98992}.Release|x64.Build.0 = Release|Any CPU
		{3D634C47-5743-4A66-89A2-3F0154B98992}.Release|x86.ActiveCfg = Release|Any CPU
		{3D634C47-5743-4A66-89A2-3F0154B98992}.Release|x86.Build.0 = Release|Any CPU
		{EED76752-BE8F-4835-8FE6-890CA66C367B}.Debug|Any CPU.ActiveCfg = Debug|Any CPU
		{EED76752-BE8F-4835-8FE6-890CA66C367B}.Debug|Any CPU.Build.0 = Debug|Any CPU
		{EED76752-BE8F-4835-8FE6-890CA66C367B}.Debug|ARM64.ActiveCfg = Debug|Any CPU
		{EED76752-BE8F-4835-8FE6-890CA66C367B}.Debug|ARM64.Build.0 = Debug|Any CPU
		{EED76752-BE8F-4835-8FE6-890CA66C367B}.Debug|x64.ActiveCfg = Debug|Any CPU
		{EED76752-BE8F-4835-8FE6-890CA66C367B}.Debug|x64.Build.0 = Debug|Any CPU
		{EED76752-BE8F-4835-8FE6-890CA66C367B}.Debug|x86.ActiveCfg = Debug|Any CPU
		{EED76752-BE8F-4835-8FE6-890CA66C367B}.Debug|x86.Build.0 = Debug|Any CPU
		{EED76752-BE8F-4835-8FE6-890CA66C367B}.Release|Any CPU.ActiveCfg = Release|Any CPU
		{EED76752-BE8F-4835-8FE6-890CA66C367B}.Release|Any CPU.Build.0 = Release|Any CPU
		{EED76752-BE8F-4835-8FE6-890CA66C367B}.Release|ARM64.ActiveCfg = Release|Any CPU
		{EED76752-BE8F-4835-8FE6-890CA66C367B}.Release|ARM64.Build.0 = Release|Any CPU
		{EED76752-BE8F-4835-8FE6-890CA66C367B}.Release|x64.ActiveCfg = Release|Any CPU
		{EED76752-BE8F-4835-8FE6-890CA66C367B}.Release|x64.Build.0 = Release|Any CPU
		{EED76752-BE8F-4835-8FE6-890CA66C367B}.Release|x86.ActiveCfg = Release|Any CPU
		{EED76752-BE8F-4835-8FE6-890CA66C367B}.Release|x86.Build.0 = Release|Any CPU
	EndGlobalSection
	GlobalSection(SolutionProperties) = preSolution
		HideSolutionNode = FALSE
	EndGlobalSection
	GlobalSection(ExtensibilityGlobals) = postSolution
		SolutionGuid = {C48F676B-C189-442A-9CB5-DAC55759DA35}
	EndGlobalSection
EndGlobal
