<Solution>
  <Configurations>
    <Platform Name="Any CPU" />
    <Platform Name="ARM64" />
    <Platform Name="x64" />
    <Platform Name="x86" />
  </Configurations>
  <Project Path="Me.EarzuChan.Ryo.ConsoleFrontEnd\Me.EarzuChan.Ryo.ConsoleFrontEnd.csproj">
    <Configuration Solution="Debug|ARM64" Project="Debug|Any CPU" />
    <Configuration Solution="Debug|x64" Project="Debug|Any CPU" />
    <Configuration Solution="Debug|x86" Project="Debug|Any CPU" />
    <Configuration Solution="Release|ARM64" Project="Release|Any CPU" />
    <Configuration Solution="Release|x64" Project="Release|Any CPU" />
    <Configuration Solution="Release|x86" Project="Release|Any CPU" />
  </Project>
  <Project Path="Me.EarzuChan.Ryo.ConsoleSystem\Me.EarzuChan.Ryo.ConsoleSystem.csproj">
    <Configuration Solution="Debug|ARM64" Project="Debug|Any CPU" />
    <Configuration Solution="Debug|x64" Project="Debug|Any CPU" />
    <Configuration Solution="Debug|x86" Project="Debug|Any CPU" />
    <Configuration Solution="Release|ARM64" Project="Release|Any CPU" />
    <Configuration Solution="Release|x64" Project="Release|Any CPU" />
    <Configuration Solution="Release|x86" Project="Release|Any CPU" />
  </Project>
  <Project Path="Me.EarzuChan.Ryo.ConsoleTest\Me.EarzuChan.Ryo.ConsoleTest.csproj">
    <Configuration Solution="Debug|ARM64" Project="Debug|Any CPU" />
    <Configuration Solution="Debug|x64" Project="Debug|Any CPU" />
    <Configuration Solution="Debug|x86" Project="Debug|Any CPU" />
    <Configuration Solution="Release|ARM64" Project="Release|Any CPU" />
    <Configuration Solution="Release|x64" Project="Release|Any CPU" />
    <Configuration Solution="Release|x86" Project="Release|Any CPU" />
  </Project>
  <Project Path="Me.EarzuChan.Ryo.Core\Me.EarzuChan.Ryo.Core.csproj">
    <Configuration Solution="Debug|ARM64" Project="Debug|Any CPU" />
    <Configuration Solution="Debug|x64" Project="Debug|Any CPU" />
    <Configuration Solution="Debug|x86" Project="Debug|Any CPU" />
    <Configuration Solution="Release|ARM64" Project="Release|Any CPU" />
    <Configuration Solution="Release|x64" Project="Release|Any CPU" />
    <Configuration Solution="Release|x86" Project="Release|Any CPU" />
  </Project>
  <Project Path="Me.EarzuChan.Ryo.Editor\Me.EarzuChan.Ryo.Editor.csproj" Type="C#">
    <BuildDependency Project="Me.EarzuChan.Ryo.Core\Me.EarzuChan.Ryo.Core.csproj" />
    <BuildDependency Project="Me.EarzuChan.Ryo\Me.EarzuChan.Ryo.csproj" />
    <Configuration Solution="Debug|ARM64" Project="Debug|Any CPU" />
    <Configuration Solution="Debug|x64" Project="Debug|Any CPU" />
    <Configuration Solution="Debug|x86" Project="Debug|Any CPU" />
    <Configuration Solution="Release|ARM64" Project="Release|Any CPU" />
    <Configuration Solution="Release|x64" Project="Release|Any CPU" />
    <Configuration Solution="Release|x86" Project="Release|Any CPU" />
  </Project>
  <Project Path="Me.EarzuChan.Ryo.Extensions\Me.EarzuChan.Ryo.Extensions.csproj">
    <Configuration Solution="Debug|ARM64" Project="Debug|Any CPU" />
    <Configuration Solution="Debug|x64" Project="Debug|Any CPU" />
    <Configuration Solution="Debug|x86" Project="Debug|Any CPU" />
    <Configuration Solution="Release|ARM64" Project="Release|Any CPU" />
    <Configuration Solution="Release|x64" Project="Release|Any CPU" />
    <Configuration Solution="Release|x86" Project="Release|Any CPU" />
  </Project>
  <Project Path="Me.EarzuChan.Ryo.Kurisu\Me.EarzuChan.Ryo.Kurisu.csproj" Type="C#">
    <Configuration Solution="Debug|ARM64" Project="Debug|Any CPU" />
    <Configuration Solution="Debug|x64" Project="Debug|Any CPU" />
    <Configuration Solution="Debug|x86" Project="Debug|Any CPU" />
    <Configuration Solution="Release|ARM64" Project="Release|Any CPU" />
    <Configuration Solution="Release|x64" Project="Release|Any CPU" />
    <Configuration Solution="Release|x86" Project="Release|Any CPU" />
  </Project>
  <Project Path="Me.EarzuChan.Ryo\Me.EarzuChan.Ryo.csproj">
    <Configuration Solution="Debug|ARM64" Project="Debug|Any CPU" />
    <Configuration Solution="Debug|x64" Project="Debug|Any CPU" />
    <Configuration Solution="Debug|x86" Project="Debug|Any CPU" />
    <Configuration Solution="Release|ARM64" Project="Release|Any CPU" />
    <Configuration Solution="Release|x64" Project="Release|Any CPU" />
    <Configuration Solution="Release|x86" Project="Release|Any CPU" />
  </Project>
</Solution>
