
Microsoft Visual Studio Solution File, Format Version 12.00
# Visual Studio Version 17
VisualStudioVersion = 17.4.33205.214
MinimumVisualStudioVersion = 10.0.40219.1
Project("{9A19103F-16F7-4668-BE54-9A1E7A4F7556}") = "Ryo", "Org.CNWeak.RyoReader\Ryo.csproj", "{8866E2A7-7B49-4157-B5AF-8A3BE85E8560}"
EndProject
Global
	GlobalSection(SolutionConfigurationPlatforms) = preSolution
		Debug|Any CPU = Debug|Any CPU
		Release|Any CPU = Release|Any CPU
	EndGlobalSection
	GlobalSection(ProjectConfigurationPlatforms) = postSolution
		{8866E2A7-7B49-4157-B5AF-8A3BE85E8560}.Debug|Any CPU.ActiveCfg = Debug|Any CPU
		{8866E2A7-7B49-4157-B5AF-8A3BE85E8560}.Debug|Any CPU.Build.0 = Debug|Any CPU
		{8866E2A7-7B49-4157-B5AF-8A3BE85E8560}.Release|Any CPU.ActiveCfg = Release|Any CPU
		{8866E2A7-7B49-4157-B5AF-8A3BE85E8560}.Release|Any CPU.Build.0 = Release|Any CPU
	EndGlobalSection
	GlobalSection(SolutionProperties) = preSolution
		HideSolutionNode = FALSE
	EndGlobalSection
	GlobalSection(ExtensibilityGlobals) = postSolution
		SolutionGuid = {C48F676B-C189-442A-9CB5-DAC55759DA35}
	EndGlobalSection
EndGlobal
